Microsoft Visual Studio Solution File, Format Version 12.00
# Visual Studio Version 17
VisualStudioVersion = 17.5.2.0
MinimumVisualStudioVersion = 10.0.40219.1
Project("{FAE04EC0-301F-11D3-BF4B-00C04F79EFBC}") = "MSFD_SecuringMiddlewareComponents", "MSFD_SecuringMiddlewareComponents.csproj", "{BBADEA17-C688-0476-A97C-A9BD60B3986F}"
EndProject
Global
	GlobalSection(SolutionConfigurationPlatforms) = preSolution
		Debug|Any CPU = Debug|Any CPU
		Release|Any CPU = Release|Any CPU
	EndGlobalSection
	GlobalSection(ProjectConfigurationPlatforms) = postSolution
		{BBADEA17-C688-0476-A97C-A9BD60B3986F}.Debug|Any CPU.ActiveCfg = Debug|Any CPU
		{BBADEA17-C688-0476-A97C-A9BD60B3986F}.Debug|Any CPU.Build.0 = Debug|Any CPU
		{BBADEA17-C688-0476-A97C-A9BD60B3986F}.Release|Any CPU.ActiveCfg = Release|Any CPU
		{BBADEA17-C688-0476-A97C-A9BD60B3986F}.Release|Any CPU.Build.0 = Release|Any CPU
	EndGlobalSection
	GlobalSection(SolutionProperties) = preSolution
		HideSolutionNode = FALSE
	EndGlobalSection
	GlobalSection(ExtensibilityGlobals) = postSolution
		SolutionGuid = {76BCDB50-7B79-44F5-AF8A-28D315032AD5}
	EndGlobalSection
EndGlobal
